
Microsoft Visual Studio Solution File, Format Version 12.00
# Visual Studio 14
VisualStudioVersion = 14.0.25420.1
MinimumVisualStudioVersion = 10.0.40219.1
Project("{FAE04EC0-301F-11D3-BF4B-00C04F79EFBC}") = "WebAPIDemo", "WebAPIDemo\WebAPIDemo.csproj", "{FE09DD68-A882-4A1E-9DF2-BFE96A2910C3}"
EndProject
Project("{FAE04EC0-301F-11D3-BF4B-00C04F79EFBC}") = "DataAccess", "DataAccess\DataAccess.csproj", "{326D02F5-004D-4560-978D-E4E37E64E0B3}"
EndProject
Global
	GlobalSection(SolutionConfigurationPlatforms) = preSolution
		Debug|Any CPU = Debug|Any CPU
		Release|Any CPU = Release|Any CPU
	EndGlobalSection
	GlobalSection(ProjectConfigurationPlatforms) = postSolution
		{FE09DD68-A882-4A1E-9DF2-BFE96A2910C3}.Debug|Any CPU.ActiveCfg = Debug|Any CPU
		{FE09DD68-A882-4A1E-9DF2-BFE96A2910C3}.Debug|Any CPU.Build.0 = Debug|Any CPU
		{FE09DD68-A882-4A1E-9DF2-BFE96A2910C3}.Release|Any CPU.ActiveCfg = Release|Any CPU
		{FE09DD68-A882-4A1E-9DF2-BFE96A2910C3}.Release|Any CPU.Build.0 = Release|Any CPU
		{326D02F5-004D-4560-978D-E4E37E64E0B3}.Debug|Any CPU.ActiveCfg = Debug|Any CPU
		{326D02F5-004D-4560-978D-E4E37E64E0B3}.Debug|Any CPU.Build.0 = Debug|Any CPU
		{326D02F5-004D-4560-978D-E4E37E64E0B3}.Release|Any CPU.ActiveCfg = Release|Any CPU
		{326D02F5-004D-4560-978D-E4E37E64E0B3}.Release|Any CPU.Build.0 = Release|Any CPU
	EndGlobalSection
	GlobalSection(SolutionProperties) = preSolution
		HideSolutionNode = FALSE
	EndGlobalSection
EndGlobal
